
Microsoft Visual Studio Solution File, Format Version 12.00
# Visual Studio Version 17
VisualStudioVersion = 17.10.35027.167
MinimumVisualStudioVersion = 10.0.40219.1
Project("{8BC9CEB8-8B4A-11D0-8D11-00A0C91BC942}") = "Baekjoon", "Baekjoon\Baekjoon.vcxproj", "{079E697A-49E0-488D-8B80-A99E74321C84}"
EndProject
Global
	GlobalSection(SolutionConfigurationPlatforms) = preSolution
		Debug|x64 = Debug|x64
		Debug|x86 = Debug|x86
		Release|x64 = Release|x64
		Release|x86 = Release|x86
	EndGlobalSection
	GlobalSection(ProjectConfigurationPlatforms) = postSolution
		{079E697A-49E0-488D-8B80-A99E74321C84}.Debug|x64.ActiveCfg = Debug|x64
		{079E697A-49E0-488D-8B80-A99E74321C84}.Debug|x64.Build.0 = Debug|x64
		{079E697A-49E0-488D-8B80-A99E74321C84}.Debug|x86.ActiveCfg = Debug|Win32
		{079E697A-49E0-488D-8B80-A99E74321C84}.Debug|x86.Build.0 = Debug|Win32
		{079E697A-49E0-488D-8B80-A99E74321C84}.Release|x64.ActiveCfg = Release|x64
		{079E697A-49E0-488D-8B80-A99E74321C84}.Release|x64.Build.0 = Release|x64
		{079E697A-49E0-488D-8B80-A99E74321C84}.Release|x86.ActiveCfg = Release|Win32
		{079E697A-49E0-488D-8B80-A99E74321C84}.Release|x86.Build.0 = Release|Win32
	EndGlobalSection
	GlobalSection(SolutionProperties) = preSolution
		HideSolutionNode = FALSE
	EndGlobalSection
	GlobalSection(ExtensibilityGlobals) = postSolution
		SolutionGuid = {56870C45-5C98-41CB-A4C9-4557BF1535D3}
	EndGlobalSection
EndGlobal
